
Microsoft Visual Studio Solution File, Format Version 12.00
# Visual Studio 15
VisualStudioVersion = 15.0.28307.421
MinimumVisualStudioVersion = 10.0.40219.1
Project("{FAE04EC0-301F-11D3-BF4B-00C04F79EFBC}") = "Calendar", "Calendar\Calendar.csproj", "{DFC331DB-837F-4348-A0CB-94E383D90DE5}"
EndProject
Global
	GlobalSection(SolutionConfigurationPlatforms) = preSolution
		Debug|Any CPU = Debug|Any CPU
		Release|Any CPU = Release|Any CPU
	EndGlobalSection
	GlobalSection(ProjectConfigurationPlatforms) = postSolution
		{DFC331DB-837F-4348-A0CB-94E383D90DE5}.Debug|Any CPU.ActiveCfg = Debug|Any CPU
		{DFC331DB-837F-4348-A0CB-94E383D90DE5}.Debug|Any CPU.Build.0 = Debug|Any CPU
		{DFC331DB-837F-4348-A0CB-94E383D90DE5}.Release|Any CPU.ActiveCfg = Release|Any CPU
		{DFC331DB-837F-4348-A0CB-94E383D90DE5}.Release|Any CPU.Build.0 = Release|Any CPU
	EndGlobalSection
	GlobalSection(SolutionProperties) = preSolution
		HideSolutionNode = FALSE
	EndGlobalSection
	GlobalSection(ExtensibilityGlobals) = postSolution
		SolutionGuid = {8DEF8706-1A9E-4786-AE6A-82B6A8211CE6}
	EndGlobalSection
EndGlobal
